
Microsoft Visual Studio Solution File, Format Version 12.00
# Visual Studio Version 17
VisualStudioVersion = 17.9.34728.123
MinimumVisualStudioVersion = 10.0.40219.1
Project("{9A19103F-16F7-4668-BE54-9A1E7A4F7556}") = "CalendarApp", "CalendarApp\CalendarApp.csproj", "{053E18D6-ECF3-404D-B22A-B70150486953}"
EndProject
Global
	GlobalSection(SolutionConfigurationPlatforms) = preSolution
		Debug|Any CPU = Debug|Any CPU
		Release|Any CPU = Release|Any CPU
	EndGlobalSection
	GlobalSection(ProjectConfigurationPlatforms) = postSolution
		{053E18D6-ECF3-404D-B22A-B70150486953}.Debug|Any CPU.ActiveCfg = Debug|Any CPU
		{053E18D6-ECF3-404D-B22A-B70150486953}.Debug|Any CPU.Build.0 = Debug|Any CPU
		{053E18D6-ECF3-404D-B22A-B70150486953}.Release|Any CPU.ActiveCfg = Release|Any CPU
		{053E18D6-ECF3-404D-B22A-B70150486953}.Release|Any CPU.Build.0 = Release|Any CPU
	EndGlobalSection
	GlobalSection(SolutionProperties) = preSolution
		HideSolutionNode = FALSE
	EndGlobalSection
	GlobalSection(ExtensibilityGlobals) = postSolution
		SolutionGuid = {D8449A16-AF6C-44FB-B882-B09ADE4B2A90}
	EndGlobalSection
EndGlobal
